{
	"name": "vtflib",
	"version": "0.1.0",
	"lockfileVersion": 1,
	"requires": true,
	"dependencies": {
		"dxt-js": {
			"version": "0.0.3",
			"resolved": "https://registry.npmjs.org/dxt-js/-/dxt-js-0.0.3.tgz",
			"integrity": "sha512-qNBx0i5/ICyNFO7rs5ZothChgfFD408dg/ZBBfWFXDy0xeDQ86t91QUZxj5WqeUzZQ/+PPtjTUC0w3mS+198jg=="
		}
	}
}
