{
  "name": "vtflib",
  "version": "1.0.2",
  "lockfileVersion": 3,
  "requires": true,
  "packages": {
    "": {
      "name": "vtflib",
      "version": "1.0.2",
      "license": "MIT",
      "dependencies": {
        "silent-dxt-js": "0.0.3"
      },
      "devDependencies": {}
    },
    "node_modules/silent-dxt-js": {
      "version": "0.0.3",
      "resolved": "https://registry.npmjs.org/silent-dxt-js/-/silent-dxt-js-0.0.3.tgz",
      "integrity": "sha512-7Jluiae0VKKvNME6BkiHzcA8xDj9llISr5WawocKiWmVwpiflkXylUnLWMY1GkRkFMDNNm+6K/ns0dW9NqCubQ==",
      "engines": {
        "node": ">=0.10.0"
      }
    }
  }
}
